
Microsoft Visual Studio Solution File, Format Version 12.00
# Visual Studio 15
Project("{FAE04EC0-301F-11D3-BF4B-00C04F79EFBC}") = "Assembly-CSharp", "Assembly-CSharp.csproj", "{D1E1319D-3EA3-3CA4-3CC6-714044964B7C}"
EndProject
Project("{FAE04EC0-301F-11D3-BF4B-00C04F79EFBC}") = "Assembly-CSharp-firstpass", "Assembly-CSharp-firstpass.csproj", "{DEC113BB-707B-B9B4-ED89-65A4BF033794}"
EndProject
Project("{FAE04EC0-301F-11D3-BF4B-00C04F79EFBC}") = "Assembly-CSharp-Editor-firstpass", "Assembly-CSharp-Editor-firstpass.csproj", "{6F4DE26F-241D-9211-2866-DE51BB66557C}"
EndProject
Project("{FAE04EC0-301F-11D3-BF4B-00C04F79EFBC}") = "Assembly-CSharp-Editor", "Assembly-CSharp-Editor.csproj", "{174A885B-DD66-3614-90CC-652AEAC3D8B2}"
EndProject
Global
	GlobalSection(SolutionConfigurationPlatforms) = preSolution
		Debug|Any CPU = Debug|Any CPU
		Release|Any CPU = Release|Any CPU
	EndGlobalSection
	GlobalSection(ProjectConfigurationPlatforms) = postSolution
		{D1E1319D-3EA3-3CA4-3CC6-714044964B7C}.Debug|Any CPU.ActiveCfg = Debug|Any CPU
		{D1E1319D-3EA3-3CA4-3CC6-714044964B7C}.Debug|Any CPU.Build.0 = Debug|Any CPU
		{D1E1319D-3EA3-3CA4-3CC6-714044964B7C}.Release|Any CPU.ActiveCfg = Release|Any CPU
		{D1E1319D-3EA3-3CA4-3CC6-714044964B7C}.Release|Any CPU.Build.0 = Release|Any CPU
		{DEC113BB-707B-B9B4-ED89-65A4BF033794}.Debug|Any CPU.ActiveCfg = Debug|Any CPU
		{DEC113BB-707B-B9B4-ED89-65A4BF033794}.Debug|Any CPU.Build.0 = Debug|Any CPU
		{DEC113BB-707B-B9B4-ED89-65A4BF033794}.Release|Any CPU.ActiveCfg = Release|Any CPU
		{DEC113BB-707B-B9B4-ED89-65A4BF033794}.Release|Any CPU.Build.0 = Release|Any CPU
		{6F4DE26F-241D-9211-2866-DE51BB66557C}.Debug|Any CPU.ActiveCfg = Debug|Any CPU
		{6F4DE26F-241D-9211-2866-DE51BB66557C}.Debug|Any CPU.Build.0 = Debug|Any CPU
		{6F4DE26F-241D-9211-2866-DE51BB66557C}.Release|Any CPU.ActiveCfg = Release|Any CPU
		{6F4DE26F-241D-9211-2866-DE51BB66557C}.Release|Any CPU.Build.0 = Release|Any CPU
		{174A885B-DD66-3614-90CC-652AEAC3D8B2}.Debug|Any CPU.ActiveCfg = Debug|Any CPU
		{174A885B-DD66-3614-90CC-652AEAC3D8B2}.Debug|Any CPU.Build.0 = Debug|Any CPU
		{174A885B-DD66-3614-90CC-652AEAC3D8B2}.Release|Any CPU.ActiveCfg = Release|Any CPU
		{174A885B-DD66-3614-90CC-652AEAC3D8B2}.Release|Any CPU.Build.0 = Release|Any CPU
	EndGlobalSection
	GlobalSection(SolutionProperties) = preSolution
		HideSolutionNode = FALSE
	EndGlobalSection
EndGlobal
